// !$*UTF8*$!
{
	archiveVersion = 1;
	classes = {
	};
	objectVersion = 46;
	objects = {

/* Begin PBXBuildFile section */
		24E9840D192C14320000F9C2 /* Foundation.framework in Frameworks */ = {isa = PBXBuildFile; fileRef = 24E9840C192C14320000F9C2 /* Foundation.framework */; };
		24E9840F192C14320000F9C2 /* CoreGraphics.framework in Frameworks */ = {isa = PBXBuildFile; fileRef = 24E9840E192C14320000F9C2 /* CoreGraphics.framework */; };
		24E98411192C14320000F9C2 /* UIKit.framework in Frameworks */ = {isa = PBXBuildFile; fileRef = 24E98410192C14320000F9C2 /* UIKit.framework */; };
		24E98417192C14320000F9C2 /* InfoPlist.strings in Resources */ = {isa = PBXBuildFile; fileRef = 24E98415192C14320000F9C2 /* InfoPlist.strings */; };
		24E98419192C14320000F9C2 /* main.m in Sources */ = {isa = PBXBuildFile; fileRef = 24E98418192C14320000F9C2 /* main.m */; };
		24E9841D192C14320000F9C2 /* FWAppDelegate.m in Sources */ = {isa = PBXBuildFile; fileRef = 24E9841C192C14320000F9C2 /* FWAppDelegate.m */; };
		24E98420192C14320000F9C2 /* Main_iPhone.storyboard in Resources */ = {isa = PBXBuildFile; fileRef = 24E9841E192C14320000F9C2 /* Main_iPhone.storyboard */; };
		24E98423192C14320000F9C2 /* Main_iPad.storyboard in Resources */ = {isa = PBXBuildFile; fileRef = 24E98421192C14320000F9C2 /* Main_iPad.storyboard */; };
		24E98426192C14320000F9C2 /* FWMasterViewController.m in Sources */ = {isa = PBXBuildFile; fileRef = 24E98425192C14320000F9C2 /* FWMasterViewController.m */; };
		24E9842B192C14320000F9C2 /* Images.xcassets in Resources */ = {isa = PBXBuildFile; fileRef = 24E9842A192C14320000F9C2 /* Images.xcassets */; };
		24E98432192C14320000F9C2 /* XCTest.framework in Frameworks */ = {isa = PBXBuildFile; fileRef = 24E98431192C14320000F9C2 /* XCTest.framework */; };
		24E98433192C14320000F9C2 /* Foundation.framework in Frameworks */ = {isa = PBXBuildFile; fileRef = 24E9840C192C14320000F9C2 /* Foundation.framework */; };
		24E98434192C14320000F9C2 /* UIKit.framework in Frameworks */ = {isa = PBXBuildFile; fileRef = 24E98410192C14320000F9C2 /* UIKit.framework */; };
		24E9843C192C14320000F9C2 /* InfoPlist.strings in Resources */ = {isa = PBXBuildFile; fileRef = 24E9843A192C14320000F9C2 /* InfoPlist.strings */; };
		24E9843E192C14320000F9C2 /* DashCastTests.m in Sources */ = {isa = PBXBuildFile; fileRef = 24E9843D192C14320000F9C2 /* DashCastTests.m */; };
		24E9844A192C14800000F9C2 /* FWDashboard.m in Sources */ = {isa = PBXBuildFile; fileRef = 24E98449192C14800000F9C2 /* FWDashboard.m */; };
		24E9844D192C155C0000F9C2 /* FWDashboardListManager.m in Sources */ = {isa = PBXBuildFile; fileRef = 24E9844C192C155C0000F9C2 /* FWDashboardListManager.m */; };
		24E98450192C18170000F9C2 /* FWAddDashboardViewController.m in Sources */ = {isa = PBXBuildFile; fileRef = 24E9844F192C18170000F9C2 /* FWAddDashboardViewController.m */; };
		24E98452192CDCAC0000F9C2 /* GoogleCast.framework in Frameworks */ = {isa = PBXBuildFile; fileRef = 24E98451192CDCAC0000F9C2 /* GoogleCast.framework */; };
		24E98455192CDD090000F9C2 /* FWCastManager.m in Sources */ = {isa = PBXBuildFile; fileRef = 24E98454192CDD090000F9C2 /* FWCastManager.m */; };
		24E98465192CDEE20000F9C2 /* cast_off.png in Resources */ = {isa = PBXBuildFile; fileRef = 24E98458192CDEE20000F9C2 /* cast_off.png */; };
		24E98466192CDEE20000F9C2 /* cast_on.png in Resources */ = {isa = PBXBuildFile; fileRef = 24E98459192CDEE20000F9C2 /* cast_on.png */; };
		24E98467192CDEE20000F9C2 /* cast_on0.png in Resources */ = {isa = PBXBuildFile; fileRef = 24E9845A192CDEE20000F9C2 /* cast_on0.png */; };
		24E98468192CDEE20000F9C2 /* cast_on1.png in Resources */ = {isa = PBXBuildFile; fileRef = 24E9845B192CDEE20000F9C2 /* cast_on1.png */; };
		24E98469192CDEE20000F9C2 /* cast_on2.png in Resources */ = {isa = PBXBuildFile; fileRef = 24E9845C192CDEE20000F9C2 /* cast_on2.png */; };
		24E9846B192CDEE20000F9C2 /* cast_off@2x.png in Resources */ = {isa = PBXBuildFile; fileRef = 24E9845F192CDEE20000F9C2 /* cast_off@2x.png */; };
		24E9846C192CDEE20000F9C2 /* cast_on@2x.png in Resources */ = {isa = PBXBuildFile; fileRef = 24E98460192CDEE20000F9C2 /* cast_on@2x.png */; };
		24E9846D192CDEE20000F9C2 /* cast_on0@2x.png in Resources */ = {isa = PBXBuildFile; fileRef = 24E98461192CDEE20000F9C2 /* cast_on0@2x.png */; };
		24E9846E192CDEE20000F9C2 /* cast_on1@2x.png in Resources */ = {isa = PBXBuildFile; fileRef = 24E98462192CDEE20000F9C2 /* cast_on1@2x.png */; };
		24E9846F192CDEE20000F9C2 /* cast_on2@2x.png in Resources */ = {isa = PBXBuildFile; fileRef = 24E98463192CDEE20000F9C2 /* cast_on2@2x.png */; };
		24EC26EC192D4EC4002C15A1 /* FWDashChannel.m in Sources */ = {isa = PBXBuildFile; fileRef = 24EC26EB192D4EC4002C15A1 /* FWDashChannel.m */; };
/* End PBXBuildFile section */

/* Begin PBXContainerItemProxy section */
		24E98435192C14320000F9C2 /* PBXContainerItemProxy */ = {
			isa = PBXContainerItemProxy;
			containerPortal = 24E98401192C14320000F9C2 /* Project object */;
			proxyType = 1;
			remoteGlobalIDString = 24E98408192C14320000F9C2;
			remoteInfo = DashCast;
		};
/* End PBXContainerItemProxy section */

/* Begin PBXFileReference section */
		24E98409192C14320000F9C2 /* DashCast.app */ = {isa = PBXFileReference; explicitFileType = wrapper.application; includeInIndex = 0; path = DashCast.app; sourceTree = BUILT_PRODUCTS_DIR; };
		24E9840C192C14320000F9C2 /* Foundation.framework */ = {isa = PBXFileReference; lastKnownFileType = wrapper.framework; name = Foundation.framework; path = System/Library/Frameworks/Foundation.framework; sourceTree = SDKROOT; };
		24E9840E192C14320000F9C2 /* CoreGraphics.framework */ = {isa = PBXFileReference; lastKnownFileType = wrapper.framework; name = CoreGraphics.framework; path = System/Library/Frameworks/CoreGraphics.framework; sourceTree = SDKROOT; };
		24E98410192C14320000F9C2 /* UIKit.framework */ = {isa = PBXFileReference; lastKnownFileType = wrapper.framework; name = UIKit.framework; path = System/Library/Frameworks/UIKit.framework; sourceTree = SDKROOT; };
		24E98414192C14320000F9C2 /* DashCast-Info.plist */ = {isa = PBXFileReference; lastKnownFileType = text.plist.xml; path = "DashCast-Info.plist"; sourceTree = "<group>"; };
		24E98416192C14320000F9C2 /* en */ = {isa = PBXFileReference; lastKnownFileType = text.plist.strings; name = en; path = en.lproj/InfoPlist.strings; sourceTree = "<group>"; };
		24E98418192C14320000F9C2 /* main.m */ = {isa = PBXFileReference; lastKnownFileType = sourcecode.c.objc; path = main.m; sourceTree = "<group>"; };
		24E9841A192C14320000F9C2 /* DashCast-Prefix.pch */ = {isa = PBXFileReference; lastKnownFileType = sourcecode.c.h; path = "DashCast-Prefix.pch"; sourceTree = "<group>"; };
		24E9841B192C14320000F9C2 /* FWAppDelegate.h */ = {isa = PBXFileReference; lastKnownFileType = sourcecode.c.h; path = FWAppDelegate.h; sourceTree = "<group>"; };
		24E9841C192C14320000F9C2 /* FWAppDelegate.m */ = {isa = PBXFileReference; lastKnownFileType = sourcecode.c.objc; path = FWAppDelegate.m; sourceTree = "<group>"; };
		24E9841F192C14320000F9C2 /* Base */ = {isa = PBXFileReference; lastKnownFileType = file.storyboard; name = Base; path = Base.lproj/Main_iPhone.storyboard; sourceTree = "<group>"; };
		24E98422192C14320000F9C2 /* Base */ = {isa = PBXFileReference; lastKnownFileType = file.storyboard; name = Base; path = Base.lproj/Main_iPad.storyboard; sourceTree = "<group>"; };
		24E98424192C14320000F9C2 /* FWMasterViewController.h */ = {isa = PBXFileReference; lastKnownFileType = sourcecode.c.h; path = FWMasterViewController.h; sourceTree = "<group>"; };
		24E98425192C14320000F9C2 /* FWMasterViewController.m */ = {isa = PBXFileReference; lastKnownFileType = sourcecode.c.objc; path = FWMasterViewController.m; sourceTree = "<group>"; };
		24E9842A192C14320000F9C2 /* Images.xcassets */ = {isa = PBXFileReference; lastKnownFileType = folder.assetcatalog; path = Images.xcassets; sourceTree = "<group>"; };
		24E98430192C14320000F9C2 /* DashCastTests.xctest */ = {isa = PBXFileReference; explicitFileType = wrapper.cfbundle; includeInIndex = 0; path = DashCastTests.xctest; sourceTree = BUILT_PRODUCTS_DIR; };
		24E98431192C14320000F9C2 /* XCTest.framework */ = {isa = PBXFileReference; lastKnownFileType = wrapper.framework; name = XCTest.framework; path = Library/Frameworks/XCTest.framework; sourceTree = DEVELOPER_DIR; };
		24E98439192C14320000F9C2 /* DashCastTests-Info.plist */ = {isa = PBXFileReference; lastKnownFileType = text.plist.xml; path = "DashCastTests-Info.plist"; sourceTree = "<group>"; };
		24E9843B192C14320000F9C2 /* en */ = {isa = PBXFileReference; lastKnownFileType = text.plist.strings; name = en; path = en.lproj/InfoPlist.strings; sourceTree = "<group>"; };
		24E9843D192C14320000F9C2 /* DashCastTests.m */ = {isa = PBXFileReference; lastKnownFileType = sourcecode.c.objc; path = DashCastTests.m; sourceTree = "<group>"; };
		24E98448192C14800000F9C2 /* FWDashboard.h */ = {isa = PBXFileReference; fileEncoding = 4; lastKnownFileType = sourcecode.c.h; name = FWDashboard.h; path = Utility/FWDashboard.h; sourceTree = "<group>"; };
		24E98449192C14800000F9C2 /* FWDashboard.m */ = {isa = PBXFileReference; fileEncoding = 4; lastKnownFileType = sourcecode.c.objc; name = FWDashboard.m; path = Utility/FWDashboard.m; sourceTree = "<group>"; };
		24E9844B192C155C0000F9C2 /* FWDashboardListManager.h */ = {isa = PBXFileReference; fileEncoding = 4; lastKnownFileType = sourcecode.c.h; name = FWDashboardListManager.h; path = Utility/FWDashboardListManager.h; sourceTree = "<group>"; };
		24E9844C192C155C0000F9C2 /* FWDashboardListManager.m */ = {isa = PBXFileReference; fileEncoding = 4; lastKnownFileType = sourcecode.c.objc; name = FWDashboardListManager.m; path = Utility/FWDashboardListManager.m; sourceTree = "<group>"; };
		24E9844E192C18170000F9C2 /* FWAddDashboardViewController.h */ = {isa = PBXFileReference; fileEncoding = 4; lastKnownFileType = sourcecode.c.h; path = FWAddDashboardViewController.h; sourceTree = "<group>"; };
		24E9844F192C18170000F9C2 /* FWAddDashboardViewController.m */ = {isa = PBXFileReference; fileEncoding = 4; lastKnownFileType = sourcecode.c.objc; path = FWAddDashboardViewController.m; sourceTree = "<group>"; };
		24E98451192CDCAC0000F9C2 /* GoogleCast.framework */ = {isa = PBXFileReference; lastKnownFileType = wrapper.framework; name = GoogleCast.framework; path = DashCast/Libs/GoogleCast.framework; sourceTree = "<group>"; };
		24E98453192CDD090000F9C2 /* FWCastManager.h */ = {isa = PBXFileReference; fileEncoding = 4; lastKnownFileType = sourcecode.c.h; name = FWCastManager.h; path = Utility/FWCastManager.h; sourceTree = "<group>"; };
		24E98454192CDD090000F9C2 /* FWCastManager.m */ = {isa = PBXFileReference; fileEncoding = 4; lastKnownFileType = sourcecode.c.objc; name = FWCastManager.m; path = Utility/FWCastManager.m; sourceTree = "<group>"; };
		24E98458192CDEE20000F9C2 /* cast_off.png */ = {isa = PBXFileReference; lastKnownFileType = image.png; path = cast_off.png; sourceTree = "<group>"; };
		24E98459192CDEE20000F9C2 /* cast_on.png */ = {isa = PBXFileReference; lastKnownFileType = image.png; path = cast_on.png; sourceTree = "<group>"; };
		24E9845A192CDEE20000F9C2 /* cast_on0.png */ = {isa = PBXFileReference; lastKnownFileType = image.png; path = cast_on0.png; sourceTree = "<group>"; };
		24E9845B192CDEE20000F9C2 /* cast_on1.png */ = {isa = PBXFileReference; lastKnownFileType = image.png; path = cast_on1.png; sourceTree = "<group>"; };
		24E9845C192CDEE20000F9C2 /* cast_on2.png */ = {isa = PBXFileReference; lastKnownFileType = image.png; path = cast_on2.png; sourceTree = "<group>"; };
		24E9845F192CDEE20000F9C2 /* cast_off@2x.png */ = {isa = PBXFileReference; lastKnownFileType = image.png; path = "cast_off@2x.png"; sourceTree = "<group>"; };
		24E98460192CDEE20000F9C2 /* cast_on@2x.png */ = {isa = PBXFileReference; lastKnownFileType = image.png; path = "cast_on@2x.png"; sourceTree = "<group>"; };
		24E98461192CDEE20000F9C2 /* cast_on0@2x.png */ = {isa = PBXFileReference; lastKnownFileType = image.png; path = "cast_on0@2x.png"; sourceTree = "<group>"; };
		24E98462192CDEE20000F9C2 /* cast_on1@2x.png */ = {isa = PBXFileReference; lastKnownFileType = image.png; path = "cast_on1@2x.png"; sourceTree = "<group>"; };
		24E98463192CDEE20000F9C2 /* cast_on2@2x.png */ = {isa = PBXFileReference; lastKnownFileType = image.png; path = "cast_on2@2x.png"; sourceTree = "<group>"; };
		24EC26EA192D4EC4002C15A1 /* FWDashChannel.h */ = {isa = PBXFileReference; fileEncoding = 4; lastKnownFileType = sourcecode.c.h; name = FWDashChannel.h; path = Utility/FWDashChannel.h; sourceTree = "<group>"; };
		24EC26EB192D4EC4002C15A1 /* FWDashChannel.m */ = {isa = PBXFileReference; fileEncoding = 4; lastKnownFileType = sourcecode.c.objc; name = FWDashChannel.m; path = Utility/FWDashChannel.m; sourceTree = "<group>"; };
/* End PBXFileReference section */

/* Begin PBXFrameworksBuildPhase section */
		24E98406192C14320000F9C2 /* Frameworks */ = {
			isa = PBXFrameworksBuildPhase;
			buildActionMask = 2147483647;
			files = (
				24E98452192CDCAC0000F9C2 /* GoogleCast.framework in Frameworks */,
				24E9840F192C14320000F9C2 /* CoreGraphics.framework in Frameworks */,
				24E98411192C14320000F9C2 /* UIKit.framework in Frameworks */,
				24E9840D192C14320000F9C2 /* Foundation.framework in Frameworks */,
			);
			runOnlyForDeploymentPostprocessing = 0;
		};
		24E9842D192C14320000F9C2 /* Frameworks */ = {
			isa = PBXFrameworksBuildPhase;
			buildActionMask = 2147483647;
			files = (
				24E98432192C14320000F9C2 /* XCTest.framework in Frameworks */,
				24E98434192C14320000F9C2 /* UIKit.framework in Frameworks */,
				24E98433192C14320000F9C2 /* Foundation.framework in Frameworks */,
			);
			runOnlyForDeploymentPostprocessing = 0;
		};
/* End PBXFrameworksBuildPhase section */

/* Begin PBXGroup section */
		24E98400192C14320000F9C2 = {
			isa = PBXGroup;
			children = (
				24E98412192C14320000F9C2 /* DashCast */,
				24E98437192C14320000F9C2 /* DashCastTests */,
				24E9840B192C14320000F9C2 /* Frameworks */,
				24E9840A192C14320000F9C2 /* Products */,
			);
			sourceTree = "<group>";
		};
		24E9840A192C14320000F9C2 /* Products */ = {
			isa = PBXGroup;
			children = (
				24E98409192C14320000F9C2 /* DashCast.app */,
				24E98430192C14320000F9C2 /* DashCastTests.xctest */,
			);
			name = Products;
			sourceTree = "<group>";
		};
		24E9840B192C14320000F9C2 /* Frameworks */ = {
			isa = PBXGroup;
			children = (
				24E98451192CDCAC0000F9C2 /* GoogleCast.framework */,
				24E9840C192C14320000F9C2 /* Foundation.framework */,
				24E9840E192C14320000F9C2 /* CoreGraphics.framework */,
				24E98410192C14320000F9C2 /* UIKit.framework */,
				24E98431192C14320000F9C2 /* XCTest.framework */,
			);
			name = Frameworks;
			sourceTree = "<group>";
		};
		24E98412192C14320000F9C2 /* DashCast */ = {
			isa = PBXGroup;
			children = (
				24E98456192CDEE20000F9C2 /* Resources */,
				24E98447192C143C0000F9C2 /* Utility */,
				24E9841B192C14320000F9C2 /* FWAppDelegate.h */,
				24E9841C192C14320000F9C2 /* FWAppDelegate.m */,
				24E9841E192C14320000F9C2 /* Main_iPhone.storyboard */,
				24E98421192C14320000F9C2 /* Main_iPad.storyboard */,
				24E98424192C14320000F9C2 /* FWMasterViewController.h */,
				24E98425192C14320000F9C2 /* FWMasterViewController.m */,
				24E9842A192C14320000F9C2 /* Images.xcassets */,
				24E98413192C14320000F9C2 /* Supporting Files */,
				24E9844E192C18170000F9C2 /* FWAddDashboardViewController.h */,
				24E9844F192C18170000F9C2 /* FWAddDashboardViewController.m */,
			);
			path = DashCast;
			sourceTree = "<group>";
		};
		24E98413192C14320000F9C2 /* Supporting Files */ = {
			isa = PBXGroup;
			children = (
				24E98414192C14320000F9C2 /* DashCast-Info.plist */,
				24E98415192C14320000F9C2 /* InfoPlist.strings */,
				24E98418192C14320000F9C2 /* main.m */,
				24E9841A192C14320000F9C2 /* DashCast-Prefix.pch */,
			);
			name = "Supporting Files";
			sourceTree = "<group>";
		};
		24E98437192C14320000F9C2 /* DashCastTests */ = {
			isa = PBXGroup;
			children = (
				24E9843D192C14320000F9C2 /* DashCastTests.m */,
				24E98438192C14320000F9C2 /* Supporting Files */,
			);
			path = DashCastTests;
			sourceTree = "<group>";
		};
		24E98438192C14320000F9C2 /* Supporting Files */ = {
			isa = PBXGroup;
			children = (
				24E98439192C14320000F9C2 /* DashCastTests-Info.plist */,
				24E9843A192C14320000F9C2 /* InfoPlist.strings */,
			);
			name = "Supporting Files";
			sourceTree = "<group>";
		};
		24E98447192C143C0000F9C2 /* Utility */ = {
			isa = PBXGroup;
			children = (
				24E98448192C14800000F9C2 /* FWDashboard.h */,
				24E98449192C14800000F9C2 /* FWDashboard.m */,
				24E9844B192C155C0000F9C2 /* FWDashboardListManager.h */,
				24E9844C192C155C0000F9C2 /* FWDashboardListManager.m */,
				24E98453192CDD090000F9C2 /* FWCastManager.h */,
				24E98454192CDD090000F9C2 /* FWCastManager.m */,
				24EC26EA192D4EC4002C15A1 /* FWDashChannel.h */,
				24EC26EB192D4EC4002C15A1 /* FWDashChannel.m */,
			);
			name = Utility;
			sourceTree = "<group>";
		};
		24E98456192CDEE20000F9C2 /* Resources */ = {
			isa = PBXGroup;
			children = (
				24E98457192CDEE20000F9C2 /* 1x */,
				24E9845E192CDEE20000F9C2 /* 2x */,
			);
			path = Resources;
			sourceTree = "<group>";
		};
		24E98457192CDEE20000F9C2 /* 1x */ = {
			isa = PBXGroup;
			children = (
				24E98458192CDEE20000F9C2 /* cast_off.png */,
				24E98459192CDEE20000F9C2 /* cast_on.png */,
				24E9845A192CDEE20000F9C2 /* cast_on0.png */,
				24E9845B192CDEE20000F9C2 /* cast_on1.png */,
				24E9845C192CDEE20000F9C2 /* cast_on2.png */,
			);
			path = 1x;
			sourceTree = "<group>";
		};
		24E9845E192CDEE20000F9C2 /* 2x */ = {
			isa = PBXGroup;
			children = (
				24E9845F192CDEE20000F9C2 /* cast_off@2x.png */,
				24E98460192CDEE20000F9C2 /* cast_on@2x.png */,
				24E98461192CDEE20000F9C2 /* cast_on0@2x.png */,
				24E98462192CDEE20000F9C2 /* cast_on1@2x.png */,
				24E98463192CDEE20000F9C2 /* cast_on2@2x.png */,
			);
			path = 2x;
			sourceTree = "<group>";
		};
/* End PBXGroup section */

/* Begin PBXNativeTarget section */
		24E98408192C14320000F9C2 /* DashCast */ = {
			isa = PBXNativeTarget;
			buildConfigurationList = 24E98441192C14320000F9C2 /* Build configuration list for PBXNativeTarget "DashCast" */;
			buildPhases = (
				24E98405192C14320000F9C2 /* Sources */,
				24E98406192C14320000F9C2 /* Frameworks */,
				24E98407192C14320000F9C2 /* Resources */,
			);
			buildRules = (
			);
			dependencies = (
			);
			name = DashCast;
			productName = DashCast;
			productReference = 24E98409192C14320000F9C2 /* DashCast.app */;
			productType = "com.apple.product-type.application";
		};
		24E9842F192C14320000F9C2 /* DashCastTests */ = {
			isa = PBXNativeTarget;
			buildConfigurationList = 24E98444192C14320000F9C2 /* Build configuration list for PBXNativeTarget "DashCastTests" */;
			buildPhases = (
				24E9842C192C14320000F9C2 /* Sources */,
				24E9842D192C14320000F9C2 /* Frameworks */,
				24E9842E192C14320000F9C2 /* Resources */,
			);
			buildRules = (
			);
			dependencies = (
				24E98436192C14320000F9C2 /* PBXTargetDependency */,
			);
			name = DashCastTests;
			productName = DashCastTests;
			productReference = 24E98430192C14320000F9C2 /* DashCastTests.xctest */;
			productType = "com.apple.product-type.bundle.unit-test";
		};
/* End PBXNativeTarget section */

/* Begin PBXProject section */
		24E98401192C14320000F9C2 /* Project object */ = {
			isa = PBXProject;
			attributes = {
				CLASSPREFIX = FW;
				LastUpgradeCheck = 0510;
				ORGANIZATIONNAME = "Findaway World";
				TargetAttributes = {
					24E9842F192C14320000F9C2 = {
						TestTargetID = 24E98408192C14320000F9C2;
					};
				};
			};
			buildConfigurationList = 24E98404192C14320000F9C2 /* Build configuration list for PBXProject "DashCast" */;
			compatibilityVersion = "Xcode 3.2";
			developmentRegion = English;
			hasScannedForEncodings = 0;
			knownRegions = (
				en,
				Base,
			);
			mainGroup = 24E98400192C14320000F9C2;
			productRefGroup = 24E9840A192C14320000F9C2 /* Products */;
			projectDirPath = "";
			projectRoot = "";
			targets = (
				24E98408192C14320000F9C2 /* DashCast */,
				24E9842F192C14320000F9C2 /* DashCastTests */,
			);
		};
/* End PBXProject section */

/* Begin PBXResourcesBuildPhase section */
		24E98407192C14320000F9C2 /* Resources */ = {
			isa = PBXResourcesBuildPhase;
			buildActionMask = 2147483647;
			files = (
				24E98465192CDEE20000F9C2 /* cast_off.png in Resources */,
				24E9846D192CDEE20000F9C2 /* cast_on0@2x.png in Resources */,
				24E98423192C14320000F9C2 /* Main_iPad.storyboard in Resources */,
				24E9842B192C14320000F9C2 /* Images.xcassets in Resources */,
				24E9846F192CDEE20000F9C2 /* cast_on2@2x.png in Resources */,
				24E98420192C14320000F9C2 /* Main_iPhone.storyboard in Resources */,
				24E9846C192CDEE20000F9C2 /* cast_on@2x.png in Resources */,
				24E9846E192CDEE20000F9C2 /* cast_on1@2x.png in Resources */,
				24E9846B192CDEE20000F9C2 /* cast_off@2x.png in Resources */,
				24E98467192CDEE20000F9C2 /* cast_on0.png in Resources */,
				24E98469192CDEE20000F9C2 /* cast_on2.png in Resources */,
				24E98417192C14320000F9C2 /* InfoPlist.strings in Resources */,
				24E98466192CDEE20000F9C2 /* cast_on.png in Resources */,
				24E98468192CDEE20000F9C2 /* cast_on1.png in Resources */,
			);
			runOnlyForDeploymentPostprocessing = 0;
		};
		24E9842E192C14320000F9C2 /* Resources */ = {
			isa = PBXResourcesBuildPhase;
			buildActionMask = 2147483647;
			files = (
				24E9843C192C14320000F9C2 /* InfoPlist.strings in Resources */,
			);
			runOnlyForDeploymentPostprocessing = 0;
		};
/* End PBXResourcesBuildPhase section */

/* Begin PBXSourcesBuildPhase section */
		24E98405192C14320000F9C2 /* Sources */ = {
			isa = PBXSourcesBuildPhase;
			buildActionMask = 2147483647;
			files = (
				24EC26EC192D4EC4002C15A1 /* FWDashChannel.m in Sources */,
				24E98426192C14320000F9C2 /* FWMasterViewController.m in Sources */,
				24E9844D192C155C0000F9C2 /* FWDashboardListManager.m in Sources */,
				24E98419192C14320000F9C2 /* main.m in Sources */,
				24E98455192CDD090000F9C2 /* FWCastManager.m in Sources */,
				24E9841D192C14320000F9C2 /* FWAppDelegate.m in Sources */,
				24E9844A192C14800000F9C2 /* FWDashboard.m in Sources */,
				24E98450192C18170000F9C2 /* FWAddDashboardViewController.m in Sources */,
			);
			runOnlyForDeploymentPostprocessing = 0;
		};
		24E9842C192C14320000F9C2 /* Sources */ = {
			isa = PBXSourcesBuildPhase;
			buildActionMask = 2147483647;
			files = (
				24E9843E192C14320000F9C2 /* DashCastTests.m in Sources */,
			);
			runOnlyForDeploymentPostprocessing = 0;
		};
/* End PBXSourcesBuildPhase section */

/* Begin PBXTargetDependency section */
		24E98436192C14320000F9C2 /* PBXTargetDependency */ = {
			isa = PBXTargetDependency;
			target = 24E98408192C14320000F9C2 /* DashCast */;
			targetProxy = 24E98435192C14320000F9C2 /* PBXContainerItemProxy */;
		};
/* End PBXTargetDependency section */

/* Begin PBXVariantGroup section */
		24E98415192C14320000F9C2 /* InfoPlist.strings */ = {
			isa = PBXVariantGroup;
			children = (
				24E98416192C14320000F9C2 /* en */,
			);
			name = InfoPlist.strings;
			sourceTree = "<group>";
		};
		24E9841E192C14320000F9C2 /* Main_iPhone.storyboard */ = {
			isa = PBXVariantGroup;
			children = (
				24E9841F192C14320000F9C2 /* Base */,
			);
			name = Main_iPhone.storyboard;
			sourceTree = "<group>";
		};
		24E98421192C14320000F9C2 /* Main_iPad.storyboard */ = {
			isa = PBXVariantGroup;
			children = (
				24E98422192C14320000F9C2 /* Base */,
			);
			name = Main_iPad.storyboard;
			sourceTree = "<group>";
		};
		24E9843A192C14320000F9C2 /* InfoPlist.strings */ = {
			isa = PBXVariantGroup;
			children = (
				24E9843B192C14320000F9C2 /* en */,
			);
			name = InfoPlist.strings;
			sourceTree = "<group>";
		};
/* End PBXVariantGroup section */

/* Begin XCBuildConfiguration section */
		24E9843F192C14320000F9C2 /* Debug */ = {
			isa = XCBuildConfiguration;
			buildSettings = {
				ALWAYS_SEARCH_USER_PATHS = NO;
				CLANG_CXX_LANGUAGE_STANDARD = "gnu++0x";
				CLANG_CXX_LIBRARY = "libc++";
				CLANG_ENABLE_MODULES = YES;
				CLANG_ENABLE_OBJC_ARC = YES;
				CLANG_WARN_BOOL_CONVERSION = YES;
				CLANG_WARN_CONSTANT_CONVERSION = YES;
				CLANG_WARN_DIRECT_OBJC_ISA_USAGE = YES_ERROR;
				CLANG_WARN_EMPTY_BODY = YES;
				CLANG_WARN_ENUM_CONVERSION = YES;
				CLANG_WARN_INT_CONVERSION = YES;
				CLANG_WARN_OBJC_ROOT_CLASS = YES_ERROR;
				CLANG_WARN__DUPLICATE_METHOD_MATCH = YES;
				"CODE_SIGN_IDENTITY[sdk=iphoneos*]" = "iPhone Developer";
				COPY_PHASE_STRIP = NO;
				GCC_C_LANGUAGE_STANDARD = gnu99;
				GCC_DYNAMIC_NO_PIC = NO;
				GCC_OPTIMIZATION_LEVEL = 0;
				GCC_PREPROCESSOR_DEFINITIONS = (
					"DEBUG=1",
					"$(inherited)",
				);
				GCC_SYMBOLS_PRIVATE_EXTERN = NO;
				GCC_WARN_64_TO_32_BIT_CONVERSION = YES;
				GCC_WARN_ABOUT_RETURN_TYPE = YES_ERROR;
				GCC_WARN_UNDECLARED_SELECTOR = YES;
				GCC_WARN_UNINITIALIZED_AUTOS = YES_AGGRESSIVE;
				GCC_WARN_UNUSED_FUNCTION = YES;
				GCC_WARN_UNUSED_VARIABLE = YES;
				IPHONEOS_DEPLOYMENT_TARGET = 7.1;
				ONLY_ACTIVE_ARCH = YES;
				SDKROOT = iphoneos;
				TARGETED_DEVICE_FAMILY = "1,2";
			};
			name = Debug;
		};
		24E98440192C14320000F9C2 /* Release */ = {
			isa = XCBuildConfiguration;
			buildSettings = {
				ALWAYS_SEARCH_USER_PATHS = NO;
				CLANG_CXX_LANGUAGE_STANDARD = "gnu++0x";
				CLANG_CXX_LIBRARY = "libc++";
				CLANG_ENABLE_MODULES = YES;
				CLANG_ENABLE_OBJC_ARC = YES;
				CLANG_WARN_BOOL_CONVERSION = YES;
				CLANG_WARN_CONSTANT_CONVERSION = YES;
				CLANG_WARN_DIRECT_OBJC_ISA_USAGE = YES_ERROR;
				CLANG_WARN_EMPTY_BODY = YES;
				CLANG_WARN_ENUM_CONVERSION = YES;
				CLANG_WARN_INT_CONVERSION = YES;
				CLANG_WARN_OBJC_ROOT_CLASS = YES_ERROR;
				CLANG_WARN__DUPLICATE_METHOD_MATCH = YES;
				"CODE_SIGN_IDENTITY[sdk=iphoneos*]" = "iPhone Developer";
				COPY_PHASE_STRIP = YES;
				ENABLE_NS_ASSERTIONS = NO;
				GCC_C_LANGUAGE_STANDARD = gnu99;
				GCC_WARN_64_TO_32_BIT_CONVERSION = YES;
				GCC_WARN_ABOUT_RETURN_TYPE = YES_ERROR;
				GCC_WARN_UNDECLARED_SELECTOR = YES;
				GCC_WARN_UNINITIALIZED_AUTOS = YES_AGGRESSIVE;
				GCC_WARN_UNUSED_FUNCTION = YES;
				GCC_WARN_UNUSED_VARIABLE = YES;
				IPHONEOS_DEPLOYMENT_TARGET = 7.1;
				SDKROOT = iphoneos;
				TARGETED_DEVICE_FAMILY = "1,2";
				VALIDATE_PRODUCT = YES;
			};
			name = Release;
		};
		24E98442192C14320000F9C2 /* Debug */ = {
			isa = XCBuildConfiguration;
			buildSettings = {
				ASSETCATALOG_COMPILER_APPICON_NAME = AppIcon;
				ASSETCATALOG_COMPILER_LAUNCHIMAGE_NAME = LaunchImage;
				FRAMEWORK_SEARCH_PATHS = (
					"$(inherited)",
					"$(PROJECT_DIR)/DashCast/Libs",
				);
				GCC_PRECOMPILE_PREFIX_HEADER = YES;
				GCC_PREFIX_HEADER = "DashCast/DashCast-Prefix.pch";
				INFOPLIST_FILE = "DashCast/DashCast-Info.plist";
				OTHER_LDFLAGS = "-ObjC";
				PRODUCT_NAME = "$(TARGET_NAME)";
				WRAPPER_EXTENSION = app;
			};
			name = Debug;
		};
		24E98443192C14320000F9C2 /* Release */ = {
			isa = XCBuildConfiguration;
			buildSettings = {
				ASSETCATALOG_COMPILER_APPICON_NAME = AppIcon;
				ASSETCATALOG_COMPILER_LAUNCHIMAGE_NAME = LaunchImage;
				FRAMEWORK_SEARCH_PATHS = (
					"$(inherited)",
					"$(PROJECT_DIR)/DashCast/Libs",
				);
				GCC_PRECOMPILE_PREFIX_HEADER = YES;
				GCC_PREFIX_HEADER = "DashCast/DashCast-Prefix.pch";
				INFOPLIST_FILE = "DashCast/DashCast-Info.plist";
				OTHER_LDFLAGS = "-ObjC";
				PRODUCT_NAME = "$(TARGET_NAME)";
				WRAPPER_EXTENSION = app;
			};
			name = Release;
		};
		24E98445192C14320000F9C2 /* Debug */ = {
			isa = XCBuildConfiguration;
			buildSettings = {
				BUNDLE_LOADER = "$(BUILT_PRODUCTS_DIR)/DashCast.app/DashCast";
				FRAMEWORK_SEARCH_PATHS = (
					"$(SDKROOT)/Developer/Library/Frameworks",
					"$(inherited)",
					"$(DEVELOPER_FRAMEWORKS_DIR)",
				);
				GCC_PRECOMPILE_PREFIX_HEADER = YES;
				GCC_PREFIX_HEADER = "DashCast/DashCast-Prefix.pch";
				GCC_PREPROCESSOR_DEFINITIONS = (
					"DEBUG=1",
					"$(inherited)",
				);
				INFOPLIST_FILE = "DashCastTests/DashCastTests-Info.plist";
				PRODUCT_NAME = "$(TARGET_NAME)";
				TEST_HOST = "$(BUNDLE_LOADER)";
				WRAPPER_EXTENSION = xctest;
			};
			name = Debug;
		};
		24E98446192C14320000F9C2 /* Release */ = {
			isa = XCBuildConfiguration;
			buildSettings = {
				BUNDLE_LOADER = "$(BUILT_PRODUCTS_DIR)/DashCast.app/DashCast";
				FRAMEWORK_SEARCH_PATHS = (
					"$(SDKROOT)/Developer/Library/Frameworks",
					"$(inherited)",
					"$(DEVELOPER_FRAMEWORKS_DIR)",
				);
				GCC_PRECOMPILE_PREFIX_HEADER = YES;
				GCC_PREFIX_HEADER = "DashCast/DashCast-Prefix.pch";
				INFOPLIST_FILE = "DashCastTests/DashCastTests-Info.plist";
				PRODUCT_NAME = "$(TARGET_NAME)";
				TEST_HOST = "$(BUNDLE_LOADER)";
				WRAPPER_EXTENSION = xctest;
			};
			name = Release;
		};
/* End XCBuildConfiguration section */

/* Begin XCConfigurationList section */
		24E98404192C14320000F9C2 /* Build configuration list for PBXProject "DashCast" */ = {
			isa = XCConfigurationList;
			buildConfigurations = (
				24E9843F192C14320000F9C2 /* Debug */,
				24E98440192C14320000F9C2 /* Release */,
			);
			defaultConfigurationIsVisible = 0;
			defaultConfigurationName = Release;
		};
		24E98441192C14320000F9C2 /* Build configuration list for PBXNativeTarget "DashCast" */ = {
			isa = XCConfigurationList;
			buildConfigurations = (
				24E98442192C14320000F9C2 /* Debug */,
				24E98443192C14320000F9C2 /* Release */,
			);
			defaultConfigurationIsVisible = 0;
			defaultConfigurationName = Release;
		};
		24E98444192C14320000F9C2 /* Build configuration list for PBXNativeTarget "DashCastTests" */ = {
			isa = XCConfigurationList;
			buildConfigurations = (
				24E98445192C14320000F9C2 /* Debug */,
				24E98446192C14320000F9C2 /* Release */,
			);
			defaultConfigurationIsVisible = 0;
			defaultConfigurationName = Release;
		};
/* End XCConfigurationList section */
	};
	rootObject = 24E98401192C14320000F9C2 /* Project object */;
}
